// !$*UTF8*$!
{
	archiveVersion = 1;
	classes = {
	};
	objectVersion = 52;
	objects = {

/* Begin PBXBuildFile section */
		A867419224D37D97009E5C2D /* GoogleService-Info.plist in Resources */ = {isa = PBXBuildFile; fileRef = A867419124D37D97009E5C2D /* GoogleService-Info.plist */; };
		A86EBB6728525F880009D07E /* FirebaseAppDistribution-Beta in Frameworks */ = {isa = PBXBuildFile; productRef = A86EBB6628525F880009D07E /* FirebaseAppDistribution-Beta */; };
		A8930477222A517100E042DF /* AppDelegate.swift in Sources */ = {isa = PBXBuildFile; fileRef = A8930476222A517100E042DF /* AppDelegate.swift */; };
		A8930479222A517100E042DF /* MainViewController.swift in Sources */ = {isa = PBXBuildFile; fileRef = A8930478222A517100E042DF /* MainViewController.swift */; };
		A893047E222A517200E042DF /* Assets.xcassets in Resources */ = {isa = PBXBuildFile; fileRef = A893047D222A517200E042DF /* Assets.xcassets */; };
		A893048C222A517200E042DF /* Bee_PlusTests.swift in Sources */ = {isa = PBXBuildFile; fileRef = A893048B222A517200E042DF /* Bee_PlusTests.swift */; };
		A8930497222A517200E042DF /* Bee_PlusUITests.swift in Sources */ = {isa = PBXBuildFile; fileRef = A8930496222A517200E042DF /* Bee_PlusUITests.swift */; };
/* End PBXBuildFile section */

/* Begin PBXContainerItemProxy section */
		A8930488222A517200E042DF /* PBXContainerItemProxy */ = {
			isa = PBXContainerItemProxy;
			containerPortal = A893046B222A517100E042DF /* Project object */;
			proxyType = 1;
			remoteGlobalIDString = A8930472222A517100E042DF;
			remoteInfo = "Bee Plus";
		};
		A8930493222A517200E042DF /* PBXContainerItemProxy */ = {
			isa = PBXContainerItemProxy;
			containerPortal = A893046B222A517100E042DF /* Project object */;
			proxyType = 1;
			remoteGlobalIDString = A8930472222A517100E042DF;
			remoteInfo = "Bee Plus";
		};
/* End PBXContainerItemProxy section */

/* Begin PBXFileReference section */
		9EED7101224205BD001ED663 /* Debug.xcconfig */ = {isa = PBXFileReference; lastKnownFileType = text.xcconfig; path = Debug.xcconfig; sourceTree = "<group>"; };
		9EED7103224205CF001ED663 /* Release.xcconfig */ = {isa = PBXFileReference; lastKnownFileType = text.xcconfig; path = Release.xcconfig; sourceTree = "<group>"; };
		9EED710522420614001ED663 /* Debug Enterprise.xcconfig */ = {isa = PBXFileReference; lastKnownFileType = text.xcconfig; path = "Debug Enterprise.xcconfig"; sourceTree = "<group>"; };
		9EED710722420623001ED663 /* Release Enterprise.xcconfig */ = {isa = PBXFileReference; lastKnownFileType = text.xcconfig; path = "Release Enterprise.xcconfig"; sourceTree = "<group>"; };
		A867419124D37D97009E5C2D /* GoogleService-Info.plist */ = {isa = PBXFileReference; fileEncoding = 4; lastKnownFileType = text.plist.xml; path = "GoogleService-Info.plist"; sourceTree = "<group>"; };
		A8930473222A517100E042DF /* Bee Plus.app */ = {isa = PBXFileReference; explicitFileType = wrapper.application; includeInIndex = 0; path = "Bee Plus.app"; sourceTree = BUILT_PRODUCTS_DIR; };
		A8930476222A517100E042DF /* AppDelegate.swift */ = {isa = PBXFileReference; lastKnownFileType = sourcecode.swift; path = AppDelegate.swift; sourceTree = "<group>"; };
		A8930478222A517100E042DF /* MainViewController.swift */ = {isa = PBXFileReference; lastKnownFileType = sourcecode.swift; path = MainViewController.swift; sourceTree = "<group>"; };
		A893047D222A517200E042DF /* Assets.xcassets */ = {isa = PBXFileReference; lastKnownFileType = folder.assetcatalog; path = Assets.xcassets; sourceTree = "<group>"; };
		A8930482222A517200E042DF /* Info.plist */ = {isa = PBXFileReference; lastKnownFileType = text.plist.xml; path = Info.plist; sourceTree = "<group>"; };
		A8930487222A517200E042DF /* Bee PlusTests.xctest */ = {isa = PBXFileReference; explicitFileType = wrapper.cfbundle; includeInIndex = 0; path = "Bee PlusTests.xctest"; sourceTree = BUILT_PRODUCTS_DIR; };
		A893048B222A517200E042DF /* Bee_PlusTests.swift */ = {isa = PBXFileReference; lastKnownFileType = sourcecode.swift; path = Bee_PlusTests.swift; sourceTree = "<group>"; };
		A893048D222A517200E042DF /* Info.plist */ = {isa = PBXFileReference; lastKnownFileType = text.plist.xml; path = Info.plist; sourceTree = "<group>"; };
		A8930492222A517200E042DF /* Bee PlusUITests.xctest */ = {isa = PBXFileReference; explicitFileType = wrapper.cfbundle; includeInIndex = 0; path = "Bee PlusUITests.xctest"; sourceTree = BUILT_PRODUCTS_DIR; };
		A8930496222A517200E042DF /* Bee_PlusUITests.swift */ = {isa = PBXFileReference; lastKnownFileType = sourcecode.swift; path = Bee_PlusUITests.swift; sourceTree = "<group>"; };
		A8930498222A517200E042DF /* Info.plist */ = {isa = PBXFileReference; lastKnownFileType = text.plist.xml; path = Info.plist; sourceTree = "<group>"; };
/* End PBXFileReference section */

/* Begin PBXFrameworksBuildPhase section */
		A8930470222A517100E042DF /* Frameworks */ = {
			isa = PBXFrameworksBuildPhase;
			buildActionMask = 2147483647;
			files = (
				A86EBB6728525F880009D07E /* FirebaseAppDistribution-Beta in Frameworks */,
			);
			runOnlyForDeploymentPostprocessing = 0;
		};
		A8930484222A517200E042DF /* Frameworks */ = {
			isa = PBXFrameworksBuildPhase;
			buildActionMask = 2147483647;
			files = (
			);
			runOnlyForDeploymentPostprocessing = 0;
		};
		A893048F222A517200E042DF /* Frameworks */ = {
			isa = PBXFrameworksBuildPhase;
			buildActionMask = 2147483647;
			files = (
			);
			runOnlyForDeploymentPostprocessing = 0;
		};
/* End PBXFrameworksBuildPhase section */

/* Begin PBXGroup section */
		9EED71002242058A001ED663 /* Config */ = {
			isa = PBXGroup;
			children = (
				9EED7101224205BD001ED663 /* Debug.xcconfig */,
				9EED7103224205CF001ED663 /* Release.xcconfig */,
				9EED710522420614001ED663 /* Debug Enterprise.xcconfig */,
				9EED710722420623001ED663 /* Release Enterprise.xcconfig */,
			);
			path = Config;
			sourceTree = "<group>";
		};
		A893046A222A517100E042DF = {
			isa = PBXGroup;
			children = (
				A8930475222A517100E042DF /* Bee Plus */,
				A893048A222A517200E042DF /* Bee PlusTests */,
				A8930495222A517200E042DF /* Bee PlusUITests */,
				A8930474222A517100E042DF /* Products */,
			);
			sourceTree = "<group>";
		};
		A8930474222A517100E042DF /* Products */ = {
			isa = PBXGroup;
			children = (
				A8930473222A517100E042DF /* Bee Plus.app */,
				A8930487222A517200E042DF /* Bee PlusTests.xctest */,
				A8930492222A517200E042DF /* Bee PlusUITests.xctest */,
			);
			name = Products;
			sourceTree = "<group>";
		};
		A8930475222A517100E042DF /* Bee Plus */ = {
			isa = PBXGroup;
			children = (
				A867419124D37D97009E5C2D /* GoogleService-Info.plist */,
				9EED71002242058A001ED663 /* Config */,
				A8930476222A517100E042DF /* AppDelegate.swift */,
				A8930478222A517100E042DF /* MainViewController.swift */,
				A893047D222A517200E042DF /* Assets.xcassets */,
				A8930482222A517200E042DF /* Info.plist */,
			);
			path = "Bee Plus";
			sourceTree = "<group>";
		};
		A893048A222A517200E042DF /* Bee PlusTests */ = {
			isa = PBXGroup;
			children = (
				A893048B222A517200E042DF /* Bee_PlusTests.swift */,
				A893048D222A517200E042DF /* Info.plist */,
			);
			path = "Bee PlusTests";
			sourceTree = "<group>";
		};
		A8930495222A517200E042DF /* Bee PlusUITests */ = {
			isa = PBXGroup;
			children = (
				A8930496222A517200E042DF /* Bee_PlusUITests.swift */,
				A8930498222A517200E042DF /* Info.plist */,
			);
			path = "Bee PlusUITests";
			sourceTree = "<group>";
		};
/* End PBXGroup section */

/* Begin PBXNativeTarget section */
		A8930472222A517100E042DF /* Bee Plus */ = {
			isa = PBXNativeTarget;
			buildConfigurationList = A893049B222A517200E042DF /* Build configuration list for PBXNativeTarget "Bee Plus" */;
			buildPhases = (
				A893046F222A517100E042DF /* Sources */,
				A8930470222A517100E042DF /* Frameworks */,
				A8930471222A517100E042DF /* Resources */,
			);
			buildRules = (
			);
			dependencies = (
			);
			name = "Bee Plus";
			packageProductDependencies = (
				A86EBB6628525F880009D07E /* FirebaseAppDistribution-Beta */,
			);
			productName = "Bee Plus";
			productReference = A8930473222A517100E042DF /* Bee Plus.app */;
			productType = "com.apple.product-type.application";
		};
		A8930486222A517200E042DF /* Bee PlusTests */ = {
			isa = PBXNativeTarget;
			buildConfigurationList = A893049E222A517200E042DF /* Build configuration list for PBXNativeTarget "Bee PlusTests" */;
			buildPhases = (
				A8930483222A517200E042DF /* Sources */,
				A8930484222A517200E042DF /* Frameworks */,
				A8930485222A517200E042DF /* Resources */,
			);
			buildRules = (
			);
			dependencies = (
				A8930489222A517200E042DF /* PBXTargetDependency */,
			);
			name = "Bee PlusTests";
			productName = "Bee PlusTests";
			productReference = A8930487222A517200E042DF /* Bee PlusTests.xctest */;
			productType = "com.apple.product-type.bundle.unit-test";
		};
		A8930491222A517200E042DF /* Bee PlusUITests */ = {
			isa = PBXNativeTarget;
			buildConfigurationList = A89304A1222A517200E042DF /* Build configuration list for PBXNativeTarget "Bee PlusUITests" */;
			buildPhases = (
				A893048E222A517200E042DF /* Sources */,
				A893048F222A517200E042DF /* Frameworks */,
				A8930490222A517200E042DF /* Resources */,
			);
			buildRules = (
			);
			dependencies = (
				A8930494222A517200E042DF /* PBXTargetDependency */,
			);
			name = "Bee PlusUITests";
			productName = "Bee PlusUITests";
			productReference = A8930492222A517200E042DF /* Bee PlusUITests.xctest */;
			productType = "com.apple.product-type.bundle.ui-testing";
		};
/* End PBXNativeTarget section */

/* Begin PBXProject section */
		A893046B222A517100E042DF /* Project object */ = {
			isa = PBXProject;
			attributes = {
				LastSwiftUpdateCheck = 1010;
				LastUpgradeCheck = 1340;
				ORGANIZATIONNAME = "Firebase Dev";
				TargetAttributes = {
					A8930472222A517100E042DF = {
						CreatedOnToolsVersion = 10.1;
					};
					A8930486222A517200E042DF = {
						CreatedOnToolsVersion = 10.1;
						DevelopmentTeam = L8VKXC2S77;
						ProvisioningStyle = Manual;
						TestTargetID = A8930472222A517100E042DF;
					};
					A8930491222A517200E042DF = {
						CreatedOnToolsVersion = 10.1;
						DevelopmentTeam = L8VKXC2S77;
						ProvisioningStyle = Manual;
						TestTargetID = A8930472222A517100E042DF;
					};
				};
			};
			buildConfigurationList = A893046E222A517100E042DF /* Build configuration list for PBXProject "Bee Plus" */;
			compatibilityVersion = "Xcode 9.3";
			developmentRegion = en;
			hasScannedForEncodings = 0;
			knownRegions = (
				en,
				Base,
			);
			mainGroup = A893046A222A517100E042DF;
			packageReferences = (
				A86EBB6528525F880009D07E /* XCRemoteSwiftPackageReference "firebase-ios-sdk" */,
			);
			productRefGroup = A8930474222A517100E042DF /* Products */;
			projectDirPath = "";
			projectRoot = "";
			targets = (
				A8930472222A517100E042DF /* Bee Plus */,
				A8930486222A517200E042DF /* Bee PlusTests */,
				A8930491222A517200E042DF /* Bee PlusUITests */,
			);
		};
/* End PBXProject section */

/* Begin PBXResourcesBuildPhase section */
		A8930471222A517100E042DF /* Resources */ = {
			isa = PBXResourcesBuildPhase;
			buildActionMask = 2147483647;
			files = (
				A893047E222A517200E042DF /* Assets.xcassets in Resources */,
				A867419224D37D97009E5C2D /* GoogleService-Info.plist in Resources */,
			);
			runOnlyForDeploymentPostprocessing = 0;
		};
		A8930485222A517200E042DF /* Resources */ = {
			isa = PBXResourcesBuildPhase;
			buildActionMask = 2147483647;
			files = (
			);
			runOnlyForDeploymentPostprocessing = 0;
		};
		A8930490222A517200E042DF /* Resources */ = {
			isa = PBXResourcesBuildPhase;
			buildActionMask = 2147483647;
			files = (
			);
			runOnlyForDeploymentPostprocessing = 0;
		};
/* End PBXResourcesBuildPhase section */

/* Begin PBXSourcesBuildPhase section */
		A893046F222A517100E042DF /* Sources */ = {
			isa = PBXSourcesBuildPhase;
			buildActionMask = 2147483647;
			files = (
				A8930479222A517100E042DF /* MainViewController.swift in Sources */,
				A8930477222A517100E042DF /* AppDelegate.swift in Sources */,
			);
			runOnlyForDeploymentPostprocessing = 0;
		};
		A8930483222A517200E042DF /* Sources */ = {
			isa = PBXSourcesBuildPhase;
			buildActionMask = 2147483647;
			files = (
				A893048C222A517200E042DF /* Bee_PlusTests.swift in Sources */,
			);
			runOnlyForDeploymentPostprocessing = 0;
		};
		A893048E222A517200E042DF /* Sources */ = {
			isa = PBXSourcesBuildPhase;
			buildActionMask = 2147483647;
			files = (
				A8930497222A517200E042DF /* Bee_PlusUITests.swift in Sources */,
			);
			runOnlyForDeploymentPostprocessing = 0;
		};
/* End PBXSourcesBuildPhase section */

/* Begin PBXTargetDependency section */
		A8930489222A517200E042DF /* PBXTargetDependency */ = {
			isa = PBXTargetDependency;
			target = A8930472222A517100E042DF /* Bee Plus */;
			targetProxy = A8930488222A517200E042DF /* PBXContainerItemProxy */;
		};
		A8930494222A517200E042DF /* PBXTargetDependency */ = {
			isa = PBXTargetDependency;
			target = A8930472222A517100E042DF /* Bee Plus */;
			targetProxy = A8930493222A517200E042DF /* PBXContainerItemProxy */;
		};
/* End PBXTargetDependency section */

/* Begin XCBuildConfiguration section */
		9EED70EC2241E25F001ED663 /* Release Enterprise */ = {
			isa = XCBuildConfiguration;
			baseConfigurationReference = 9EED710722420623001ED663 /* Release Enterprise.xcconfig */;
			buildSettings = {
				ALWAYS_SEARCH_USER_PATHS = NO;
				ARCHS = "$(ARCHS_STANDARD)";
				CLANG_ANALYZER_NONNULL = YES;
				CLANG_ANALYZER_NUMBER_OBJECT_CONVERSION = YES_AGGRESSIVE;
				CLANG_CXX_LANGUAGE_STANDARD = "gnu++14";
				CLANG_CXX_LIBRARY = "libc++";
				CLANG_ENABLE_MODULES = YES;
				CLANG_ENABLE_OBJC_ARC = YES;
				CLANG_ENABLE_OBJC_WEAK = YES;
				CLANG_WARN_BLOCK_CAPTURE_AUTORELEASING = YES;
				CLANG_WARN_BOOL_CONVERSION = YES;
				CLANG_WARN_COMMA = YES;
				CLANG_WARN_CONSTANT_CONVERSION = YES;
				CLANG_WARN_DEPRECATED_OBJC_IMPLEMENTATIONS = YES;
				CLANG_WARN_DIRECT_OBJC_ISA_USAGE = YES_ERROR;
				CLANG_WARN_DOCUMENTATION_COMMENTS = YES;
				CLANG_WARN_EMPTY_BODY = YES;
				CLANG_WARN_ENUM_CONVERSION = YES;
				CLANG_WARN_INFINITE_RECURSION = YES;
				CLANG_WARN_INT_CONVERSION = YES;
				CLANG_WARN_NON_LITERAL_NULL_CONVERSION = YES;
				CLANG_WARN_OBJC_IMPLICIT_RETAIN_SELF = YES;
				CLANG_WARN_OBJC_LITERAL_CONVERSION = YES;
				CLANG_WARN_OBJC_ROOT_CLASS = YES_ERROR;
				CLANG_WARN_RANGE_LOOP_ANALYSIS = YES;
				CLANG_WARN_STRICT_PROTOTYPES = YES;
				CLANG_WARN_SUSPICIOUS_MOVE = YES;
				CLANG_WARN_UNGUARDED_AVAILABILITY = YES_AGGRESSIVE;
				CLANG_WARN_UNREACHABLE_CODE = YES;
				CLANG_WARN__DUPLICATE_METHOD_MATCH = YES;
				CODE_SIGN_IDENTITY = "iPhone Developer";
				COPY_PHASE_STRIP = NO;
				DEBUG_INFORMATION_FORMAT = "dwarf-with-dsym";
				ENABLE_NS_ASSERTIONS = NO;
				ENABLE_STRICT_OBJC_MSGSEND = YES;
				EXCLUDED_ARCHS = "";
				GCC_C_LANGUAGE_STANDARD = gnu11;
				GCC_NO_COMMON_BLOCKS = YES;
				GCC_WARN_64_TO_32_BIT_CONVERSION = YES;
				GCC_WARN_ABOUT_RETURN_TYPE = YES_ERROR;
				GCC_WARN_UNDECLARED_SELECTOR = YES;
				GCC_WARN_UNINITIALIZED_AUTOS = YES_AGGRESSIVE;
				GCC_WARN_UNUSED_FUNCTION = YES;
				GCC_WARN_UNUSED_VARIABLE = YES;
				IPHONEOS_DEPLOYMENT_TARGET = 15.5;
				MTL_ENABLE_DEBUG_INFO = NO;
				MTL_FAST_MATH = YES;
				ONLY_ACTIVE_ARCH = YES;
				SDKROOT = iphoneos;
				SWIFT_COMPILATION_MODE = wholemodule;
				SWIFT_OPTIMIZATION_LEVEL = "-O";
				VALIDATE_PRODUCT = YES;
			};
			name = "Release Enterprise";
		};
		9EED70ED2241E25F001ED663 /* Release Enterprise */ = {
			isa = XCBuildConfiguration;
			baseConfigurationReference = 9EED710722420623001ED663 /* Release Enterprise.xcconfig */;
			buildSettings = {
				ASSETCATALOG_COMPILER_APPICON_NAME = AppIcon;
				CODE_SIGN_IDENTITY = "iPhone Distribution";
				CODE_SIGN_STYLE = Manual;
				CURRENT_PROJECT_VERSION = 4;
				DEVELOPMENT_TEAM = FCAH69RY2W;
				EXCLUDED_ARCHS = "";
				INFOPLIST_FILE = "Bee Plus/Info.plist";
				LD_RUNPATH_SEARCH_PATHS = (
					"$(inherited)",
					"@executable_path/Frameworks",
				);
				MARKETING_VERSION = 1.1;
				ONLY_ACTIVE_ARCH = YES;
				PRODUCT_BUNDLE_IDENTIFIER = "dev.firebase.Bee-Plus-Enterprise";
				PRODUCT_NAME = "$(TARGET_NAME)";
				PROVISIONING_PROFILE_SPECIFIER = "match InHouse dev.firebase.Bee-Plus-Enterprise";
				SWIFT_VERSION = 4.2;
				TARGETED_DEVICE_FAMILY = "1,2";
			};
			name = "Release Enterprise";
		};
		9EED70EE2241E25F001ED663 /* Release Enterprise */ = {
			isa = XCBuildConfiguration;
			buildSettings = {
				ALWAYS_EMBED_SWIFT_STANDARD_LIBRARIES = YES;
				BUNDLE_LOADER = "$(TEST_HOST)";
				CODE_SIGN_STYLE = Manual;
				DEVELOPMENT_TEAM = L8VKXC2S77;
				EXCLUDED_ARCHS = "";
				INFOPLIST_FILE = "Bee PlusTests/Info.plist";
				LD_RUNPATH_SEARCH_PATHS = (
					"$(inherited)",
					"@executable_path/Frameworks",
					"@loader_path/Frameworks",
				);
				PRODUCT_BUNDLE_IDENTIFIER = "dev.firebase.Bee-PlusTests";
				PRODUCT_NAME = "$(TARGET_NAME)";
				SWIFT_VERSION = 4.2;
				TARGETED_DEVICE_FAMILY = "1,2";
				TEST_HOST = "$(BUILT_PRODUCTS_DIR)/Bee Plus.app/Bee Plus";
			};
			name = "Release Enterprise";
		};
		9EED70EF2241E25F001ED663 /* Release Enterprise */ = {
			isa = XCBuildConfiguration;
			buildSettings = {
				ALWAYS_EMBED_SWIFT_STANDARD_LIBRARIES = YES;
				CODE_SIGN_STYLE = Manual;
				DEVELOPMENT_TEAM = L8VKXC2S77;
				EXCLUDED_ARCHS = "";
				INFOPLIST_FILE = "Bee PlusUITests/Info.plist";
				LD_RUNPATH_SEARCH_PATHS = (
					"$(inherited)",
					"@executable_path/Frameworks",
					"@loader_path/Frameworks",
				);
				PRODUCT_BUNDLE_IDENTIFIER = "dev.firebase.Bee-PlusUITests";
				PRODUCT_NAME = "$(TARGET_NAME)";
				SWIFT_VERSION = 4.2;
				TARGETED_DEVICE_FAMILY = "1,2";
				TEST_TARGET_NAME = "Bee Plus";
			};
			name = "Release Enterprise";
		};
		9EED70F02241E2A2001ED663 /* Debug Enterprise */ = {
			isa = XCBuildConfiguration;
			baseConfigurationReference = 9EED710522420614001ED663 /* Debug Enterprise.xcconfig */;
			buildSettings = {
				ALWAYS_SEARCH_USER_PATHS = NO;
				ARCHS = "$(ARCHS_STANDARD)";
				CLANG_ANALYZER_NONNULL = YES;
				CLANG_ANALYZER_NUMBER_OBJECT_CONVERSION = YES_AGGRESSIVE;
				CLANG_CXX_LANGUAGE_STANDARD = "gnu++14";
				CLANG_CXX_LIBRARY = "libc++";
				CLANG_ENABLE_MODULES = YES;
				CLANG_ENABLE_OBJC_ARC = YES;
				CLANG_ENABLE_OBJC_WEAK = YES;
				CLANG_WARN_BLOCK_CAPTURE_AUTORELEASING = YES;
				CLANG_WARN_BOOL_CONVERSION = YES;
				CLANG_WARN_COMMA = YES;
				CLANG_WARN_CONSTANT_CONVERSION = YES;
				CLANG_WARN_DEPRECATED_OBJC_IMPLEMENTATIONS = YES;
				CLANG_WARN_DIRECT_OBJC_ISA_USAGE = YES_ERROR;
				CLANG_WARN_DOCUMENTATION_COMMENTS = YES;
				CLANG_WARN_EMPTY_BODY = YES;
				CLANG_WARN_ENUM_CONVERSION = YES;
				CLANG_WARN_INFINITE_RECURSION = YES;
				CLANG_WARN_INT_CONVERSION = YES;
				CLANG_WARN_NON_LITERAL_NULL_CONVERSION = YES;
				CLANG_WARN_OBJC_IMPLICIT_RETAIN_SELF = YES;
				CLANG_WARN_OBJC_LITERAL_CONVERSION = YES;
				CLANG_WARN_OBJC_ROOT_CLASS = YES_ERROR;
				CLANG_WARN_RANGE_LOOP_ANALYSIS = YES;
				CLANG_WARN_STRICT_PROTOTYPES = YES;
				CLANG_WARN_SUSPICIOUS_MOVE = YES;
				CLANG_WARN_UNGUARDED_AVAILABILITY = YES_AGGRESSIVE;
				CLANG_WARN_UNREACHABLE_CODE = YES;
				CLANG_WARN__DUPLICATE_METHOD_MATCH = YES;
				CODE_SIGN_IDENTITY = "iPhone Developer";
				COPY_PHASE_STRIP = NO;
				DEBUG_INFORMATION_FORMAT = dwarf;
				ENABLE_STRICT_OBJC_MSGSEND = YES;
				ENABLE_TESTABILITY = YES;
				EXCLUDED_ARCHS = "";
				GCC_C_LANGUAGE_STANDARD = gnu11;
				GCC_DYNAMIC_NO_PIC = NO;
				GCC_NO_COMMON_BLOCKS = YES;
				GCC_OPTIMIZATION_LEVEL = 0;
				GCC_PREPROCESSOR_DEFINITIONS = (
					"DEBUG=1",
					"$(inherited)",
				);
				GCC_WARN_64_TO_32_BIT_CONVERSION = YES;
				GCC_WARN_ABOUT_RETURN_TYPE = YES_ERROR;
				GCC_WARN_UNDECLARED_SELECTOR = YES;
				GCC_WARN_UNINITIALIZED_AUTOS = YES_AGGRESSIVE;
				GCC_WARN_UNUSED_FUNCTION = YES;
				GCC_WARN_UNUSED_VARIABLE = YES;
				IPHONEOS_DEPLOYMENT_TARGET = 15.5;
				MTL_ENABLE_DEBUG_INFO = INCLUDE_SOURCE;
				MTL_FAST_MATH = YES;
				ONLY_ACTIVE_ARCH = YES;
				SDKROOT = iphoneos;
				SWIFT_ACTIVE_COMPILATION_CONDITIONS = DEBUG;
				SWIFT_OPTIMIZATION_LEVEL = "-Onone";
			};
			name = "Debug Enterprise";
		};
		9EED70F12241E2A2001ED663 /* Debug Enterprise */ = {
			isa = XCBuildConfiguration;
			baseConfigurationReference = 9EED710522420614001ED663 /* Debug Enterprise.xcconfig */;
			buildSettings = {
				ASSETCATALOG_COMPILER_APPICON_NAME = AppIcon;
				CODE_SIGN_IDENTITY = "iPhone Distribution";
				CODE_SIGN_STYLE = Manual;
				CURRENT_PROJECT_VERSION = 4;
				DEVELOPMENT_TEAM = FCAH69RY2W;
				EXCLUDED_ARCHS = "";
				INFOPLIST_FILE = "Bee Plus/Info.plist";
				LD_RUNPATH_SEARCH_PATHS = (
					"$(inherited)",
					"@executable_path/Frameworks",
				);
				MARKETING_VERSION = 1.1;
				ONLY_ACTIVE_ARCH = YES;
				PRODUCT_BUNDLE_IDENTIFIER = "dev.firebase.Bee-Plus-Enterprise";
				PRODUCT_NAME = "$(TARGET_NAME)";
				PROVISIONING_PROFILE_SPECIFIER = "match InHouse dev.firebase.Bee-Plus-Enterprise";
				SWIFT_VERSION = 4.2;
				TARGETED_DEVICE_FAMILY = "1,2";
			};
			name = "Debug Enterprise";
		};
		9EED70F22241E2A2001ED663 /* Debug Enterprise */ = {
			isa = XCBuildConfiguration;
			buildSettings = {
				ALWAYS_EMBED_SWIFT_STANDARD_LIBRARIES = YES;
				BUNDLE_LOADER = "$(TEST_HOST)";
				CODE_SIGN_STYLE = Manual;
				DEVELOPMENT_TEAM = L8VKXC2S77;
				EXCLUDED_ARCHS = "";
				INFOPLIST_FILE = "Bee PlusTests/Info.plist";
				LD_RUNPATH_SEARCH_PATHS = (
					"$(inherited)",
					"@executable_path/Frameworks",
					"@loader_path/Frameworks",
				);
				PRODUCT_BUNDLE_IDENTIFIER = "dev.firebase.Bee-PlusTests";
				PRODUCT_NAME = "$(TARGET_NAME)";
				SWIFT_VERSION = 4.2;
				TARGETED_DEVICE_FAMILY = "1,2";
				TEST_HOST = "$(BUILT_PRODUCTS_DIR)/Bee Plus.app/Bee Plus";
			};
			name = "Debug Enterprise";
		};
		9EED70F32241E2A2001ED663 /* Debug Enterprise */ = {
			isa = XCBuildConfiguration;
			buildSettings = {
				ALWAYS_EMBED_SWIFT_STANDARD_LIBRARIES = YES;
				CODE_SIGN_STYLE = Manual;
				DEVELOPMENT_TEAM = L8VKXC2S77;
				EXCLUDED_ARCHS = "";
				INFOPLIST_FILE = "Bee PlusUITests/Info.plist";
				LD_RUNPATH_SEARCH_PATHS = (
					"$(inherited)",
					"@executable_path/Frameworks",
					"@loader_path/Frameworks",
				);
				PRODUCT_BUNDLE_IDENTIFIER = "dev.firebase.Bee-PlusUITests";
				PRODUCT_NAME = "$(TARGET_NAME)";
				SWIFT_VERSION = 4.2;
				TARGETED_DEVICE_FAMILY = "1,2";
				TEST_TARGET_NAME = "Bee Plus";
			};
			name = "Debug Enterprise";
		};
		A8930499222A517200E042DF /* Debug */ = {
			isa = XCBuildConfiguration;
			baseConfigurationReference = 9EED7101224205BD001ED663 /* Debug.xcconfig */;
			buildSettings = {
				ALWAYS_SEARCH_USER_PATHS = NO;
				ARCHS = "$(ARCHS_STANDARD)";
				CLANG_ANALYZER_NONNULL = YES;
				CLANG_ANALYZER_NUMBER_OBJECT_CONVERSION = YES_AGGRESSIVE;
				CLANG_CXX_LANGUAGE_STANDARD = "gnu++14";
				CLANG_CXX_LIBRARY = "libc++";
				CLANG_ENABLE_MODULES = YES;
				CLANG_ENABLE_OBJC_ARC = YES;
				CLANG_ENABLE_OBJC_WEAK = YES;
				CLANG_WARN_BLOCK_CAPTURE_AUTORELEASING = YES;
				CLANG_WARN_BOOL_CONVERSION = YES;
				CLANG_WARN_COMMA = YES;
				CLANG_WARN_CONSTANT_CONVERSION = YES;
				CLANG_WARN_DEPRECATED_OBJC_IMPLEMENTATIONS = YES;
				CLANG_WARN_DIRECT_OBJC_ISA_USAGE = YES_ERROR;
				CLANG_WARN_DOCUMENTATION_COMMENTS = YES;
				CLANG_WARN_EMPTY_BODY = YES;
				CLANG_WARN_ENUM_CONVERSION = YES;
				CLANG_WARN_INFINITE_RECURSION = YES;
				CLANG_WARN_INT_CONVERSION = YES;
				CLANG_WARN_NON_LITERAL_NULL_CONVERSION = YES;
				CLANG_WARN_OBJC_IMPLICIT_RETAIN_SELF = YES;
				CLANG_WARN_OBJC_LITERAL_CONVERSION = YES;
				CLANG_WARN_OBJC_ROOT_CLASS = YES_ERROR;
				CLANG_WARN_RANGE_LOOP_ANALYSIS = YES;
				CLANG_WARN_STRICT_PROTOTYPES = YES;
				CLANG_WARN_SUSPICIOUS_MOVE = YES;
				CLANG_WARN_UNGUARDED_AVAILABILITY = YES_AGGRESSIVE;
				CLANG_WARN_UNREACHABLE_CODE = YES;
				CLANG_WARN__DUPLICATE_METHOD_MATCH = YES;
				CODE_SIGN_IDENTITY = "iPhone Developer";
				COPY_PHASE_STRIP = NO;
				DEBUG_INFORMATION_FORMAT = dwarf;
				ENABLE_STRICT_OBJC_MSGSEND = YES;
				ENABLE_TESTABILITY = YES;
				EXCLUDED_ARCHS = "";
				GCC_C_LANGUAGE_STANDARD = gnu11;
				GCC_DYNAMIC_NO_PIC = NO;
				GCC_NO_COMMON_BLOCKS = YES;
				GCC_OPTIMIZATION_LEVEL = 0;
				GCC_PREPROCESSOR_DEFINITIONS = (
					"DEBUG=1",
					"$(inherited)",
				);
				GCC_WARN_64_TO_32_BIT_CONVERSION = YES;
				GCC_WARN_ABOUT_RETURN_TYPE = YES_ERROR;
				GCC_WARN_UNDECLARED_SELECTOR = YES;
				GCC_WARN_UNINITIALIZED_AUTOS = YES_AGGRESSIVE;
				GCC_WARN_UNUSED_FUNCTION = YES;
				GCC_WARN_UNUSED_VARIABLE = YES;
				IPHONEOS_DEPLOYMENT_TARGET = 15.5;
				MTL_ENABLE_DEBUG_INFO = INCLUDE_SOURCE;
				MTL_FAST_MATH = YES;
				ONLY_ACTIVE_ARCH = YES;
				SDKROOT = iphoneos;
				SWIFT_ACTIVE_COMPILATION_CONDITIONS = DEBUG;
				SWIFT_OPTIMIZATION_LEVEL = "-Onone";
			};
			name = Debug;
		};
		A893049A222A517200E042DF /* Release */ = {
			isa = XCBuildConfiguration;
			baseConfigurationReference = 9EED7103224205CF001ED663 /* Release.xcconfig */;
			buildSettings = {
				ALWAYS_SEARCH_USER_PATHS = NO;
				ARCHS = "$(ARCHS_STANDARD)";
				CLANG_ANALYZER_NONNULL = YES;
				CLANG_ANALYZER_NUMBER_OBJECT_CONVERSION = YES_AGGRESSIVE;
				CLANG_CXX_LANGUAGE_STANDARD = "gnu++14";
				CLANG_CXX_LIBRARY = "libc++";
				CLANG_ENABLE_MODULES = YES;
				CLANG_ENABLE_OBJC_ARC = YES;
				CLANG_ENABLE_OBJC_WEAK = YES;
				CLANG_WARN_BLOCK_CAPTURE_AUTORELEASING = YES;
				CLANG_WARN_BOOL_CONVERSION = YES;
				CLANG_WARN_COMMA = YES;
				CLANG_WARN_CONSTANT_CONVERSION = YES;
				CLANG_WARN_DEPRECATED_OBJC_IMPLEMENTATIONS = YES;
				CLANG_WARN_DIRECT_OBJC_ISA_USAGE = YES_ERROR;
				CLANG_WARN_DOCUMENTATION_COMMENTS = YES;
				CLANG_WARN_EMPTY_BODY = YES;
				CLANG_WARN_ENUM_CONVERSION = YES;
				CLANG_WARN_INFINITE_RECURSION = YES;
				CLANG_WARN_INT_CONVERSION = YES;
				CLANG_WARN_NON_LITERAL_NULL_CONVERSION = YES;
				CLANG_WARN_OBJC_IMPLICIT_RETAIN_SELF = YES;
				CLANG_WARN_OBJC_LITERAL_CONVERSION = YES;
				CLANG_WARN_OBJC_ROOT_CLASS = YES_ERROR;
				CLANG_WARN_RANGE_LOOP_ANALYSIS = YES;
				CLANG_WARN_STRICT_PROTOTYPES = YES;
				CLANG_WARN_SUSPICIOUS_MOVE = YES;
				CLANG_WARN_UNGUARDED_AVAILABILITY = YES_AGGRESSIVE;
				CLANG_WARN_UNREACHABLE_CODE = YES;
				CLANG_WARN__DUPLICATE_METHOD_MATCH = YES;
				CODE_SIGN_IDENTITY = "iPhone Developer";
				COPY_PHASE_STRIP = NO;
				DEBUG_INFORMATION_FORMAT = "dwarf-with-dsym";
				ENABLE_NS_ASSERTIONS = NO;
				ENABLE_STRICT_OBJC_MSGSEND = YES;
				EXCLUDED_ARCHS = "";
				GCC_C_LANGUAGE_STANDARD = gnu11;
				GCC_NO_COMMON_BLOCKS = YES;
				GCC_WARN_64_TO_32_BIT_CONVERSION = YES;
				GCC_WARN_ABOUT_RETURN_TYPE = YES_ERROR;
				GCC_WARN_UNDECLARED_SELECTOR = YES;
				GCC_WARN_UNINITIALIZED_AUTOS = YES_AGGRESSIVE;
				GCC_WARN_UNUSED_FUNCTION = YES;
				GCC_WARN_UNUSED_VARIABLE = YES;
				IPHONEOS_DEPLOYMENT_TARGET = 15.5;
				MTL_ENABLE_DEBUG_INFO = NO;
				MTL_FAST_MATH = YES;
				ONLY_ACTIVE_ARCH = YES;
				SDKROOT = iphoneos;
				SWIFT_COMPILATION_MODE = wholemodule;
				SWIFT_OPTIMIZATION_LEVEL = "-O";
				VALIDATE_PRODUCT = YES;
			};
			name = Release;
		};
		A893049C222A517200E042DF /* Debug */ = {
			isa = XCBuildConfiguration;
			baseConfigurationReference = 9EED7101224205BD001ED663 /* Debug.xcconfig */;
			buildSettings = {
				ASSETCATALOG_COMPILER_APPICON_NAME = AppIcon;
				CODE_SIGN_IDENTITY = "iPhone Developer";
				CODE_SIGN_STYLE = Manual;
				CURRENT_PROJECT_VERSION = 4;
				DEVELOPMENT_TEAM = L8VKXC2S77;
				EXCLUDED_ARCHS = "";
				INFOPLIST_FILE = "Bee Plus/Info.plist";
				LD_RUNPATH_SEARCH_PATHS = (
					"$(inherited)",
					"@executable_path/Frameworks",
				);
				MARKETING_VERSION = 1.1;
				ONLY_ACTIVE_ARCH = YES;
				PRODUCT_BUNDLE_IDENTIFIER = "dev.firebase.Bee-Plus";
				PRODUCT_NAME = "$(TARGET_NAME)";
				PROVISIONING_PROFILE_SPECIFIER = "match Development dev.firebase.Bee-Plus";
				SWIFT_VERSION = 4.2;
				TARGETED_DEVICE_FAMILY = "1,2";
			};
			name = Debug;
		};
		A893049D222A517200E042DF /* Release */ = {
			isa = XCBuildConfiguration;
			baseConfigurationReference = 9EED7103224205CF001ED663 /* Release.xcconfig */;
			buildSettings = {
				ASSETCATALOG_COMPILER_APPICON_NAME = AppIcon;
				CODE_SIGN_IDENTITY = "iPhone Developer";
				CODE_SIGN_STYLE = Manual;
				CURRENT_PROJECT_VERSION = 4;
				DEVELOPMENT_TEAM = L8VKXC2S77;
				EXCLUDED_ARCHS = "";
				INFOPLIST_FILE = "Bee Plus/Info.plist";
				LD_RUNPATH_SEARCH_PATHS = (
					"$(inherited)",
					"@executable_path/Frameworks",
				);
				MARKETING_VERSION = 1.1;
				ONLY_ACTIVE_ARCH = YES;
				PRODUCT_BUNDLE_IDENTIFIER = "dev.firebase.Bee-Plus";
				PRODUCT_NAME = "$(TARGET_NAME)";
				PROVISIONING_PROFILE_SPECIFIER = "match Development dev.firebase.Bee-Plus";
				SWIFT_VERSION = 4.2;
				TARGETED_DEVICE_FAMILY = "1,2";
			};
			name = Release;
		};
		A893049F222A517200E042DF /* Debug */ = {
			isa = XCBuildConfiguration;
			buildSettings = {
				ALWAYS_EMBED_SWIFT_STANDARD_LIBRARIES = YES;
				BUNDLE_LOADER = "$(TEST_HOST)";
				CODE_SIGN_STYLE = Manual;
				DEVELOPMENT_TEAM = L8VKXC2S77;
				EXCLUDED_ARCHS = "";
				INFOPLIST_FILE = "Bee PlusTests/Info.plist";
				LD_RUNPATH_SEARCH_PATHS = (
					"$(inherited)",
					"@executable_path/Frameworks",
					"@loader_path/Frameworks",
				);
				PRODUCT_BUNDLE_IDENTIFIER = "dev.firebase.Bee-PlusTests";
				PRODUCT_NAME = "$(TARGET_NAME)";
				SWIFT_VERSION = 4.2;
				TARGETED_DEVICE_FAMILY = "1,2";
				TEST_HOST = "$(BUILT_PRODUCTS_DIR)/Bee Plus.app/Bee Plus";
			};
			name = Debug;
		};
		A89304A0222A517200E042DF /* Release */ = {
			isa = XCBuildConfiguration;
			buildSettings = {
				ALWAYS_EMBED_SWIFT_STANDARD_LIBRARIES = YES;
				BUNDLE_LOADER = "$(TEST_HOST)";
				CODE_SIGN_STYLE = Manual;
				DEVELOPMENT_TEAM = L8VKXC2S77;
				EXCLUDED_ARCHS = "";
				INFOPLIST_FILE = "Bee PlusTests/Info.plist";
				LD_RUNPATH_SEARCH_PATHS = (
					"$(inherited)",
					"@executable_path/Frameworks",
					"@loader_path/Frameworks",
				);
				PRODUCT_BUNDLE_IDENTIFIER = "dev.firebase.Bee-PlusTests";
				PRODUCT_NAME = "$(TARGET_NAME)";
				SWIFT_VERSION = 4.2;
				TARGETED_DEVICE_FAMILY = "1,2";
				TEST_HOST = "$(BUILT_PRODUCTS_DIR)/Bee Plus.app/Bee Plus";
			};
			name = Release;
		};
		A89304A2222A517200E042DF /* Debug */ = {
			isa = XCBuildConfiguration;
			buildSettings = {
				ALWAYS_EMBED_SWIFT_STANDARD_LIBRARIES = YES;
				CODE_SIGN_STYLE = Manual;
				DEVELOPMENT_TEAM = L8VKXC2S77;
				EXCLUDED_ARCHS = "";
				INFOPLIST_FILE = "Bee PlusUITests/Info.plist";
				LD_RUNPATH_SEARCH_PATHS = (
					"$(inherited)",
					"@executable_path/Frameworks",
					"@loader_path/Frameworks",
				);
				PRODUCT_BUNDLE_IDENTIFIER = "dev.firebase.Bee-PlusUITests";
				PRODUCT_NAME = "$(TARGET_NAME)";
				SWIFT_VERSION = 4.2;
				TARGETED_DEVICE_FAMILY = "1,2";
				TEST_TARGET_NAME = "Bee Plus";
			};
			name = Debug;
		};
		A89304A3222A517200E042DF /* Release */ = {
			isa = XCBuildConfiguration;
			buildSettings = {
				ALWAYS_EMBED_SWIFT_STANDARD_LIBRARIES = YES;
				CODE_SIGN_STYLE = Manual;
				DEVELOPMENT_TEAM = L8VKXC2S77;
				EXCLUDED_ARCHS = "";
				INFOPLIST_FILE = "Bee PlusUITests/Info.plist";
				LD_RUNPATH_SEARCH_PATHS = (
					"$(inherited)",
					"@executable_path/Frameworks",
					"@loader_path/Frameworks",
				);
				PRODUCT_BUNDLE_IDENTIFIER = "dev.firebase.Bee-PlusUITests";
				PRODUCT_NAME = "$(TARGET_NAME)";
				SWIFT_VERSION = 4.2;
				TARGETED_DEVICE_FAMILY = "1,2";
				TEST_TARGET_NAME = "Bee Plus";
			};
			name = Release;
		};
/* End XCBuildConfiguration section */

/* Begin XCConfigurationList section */
		A893046E222A517100E042DF /* Build configuration list for PBXProject "Bee Plus" */ = {
			isa = XCConfigurationList;
			buildConfigurations = (
				A8930499222A517200E042DF /* Debug */,
				9EED70F02241E2A2001ED663 /* Debug Enterprise */,
				A893049A222A517200E042DF /* Release */,
				9EED70EC2241E25F001ED663 /* Release Enterprise */,
			);
			defaultConfigurationIsVisible = 0;
			defaultConfigurationName = Release;
		};
		A893049B222A517200E042DF /* Build configuration list for PBXNativeTarget "Bee Plus" */ = {
			isa = XCConfigurationList;
			buildConfigurations = (
				A893049C222A517200E042DF /* Debug */,
				9EED70F12241E2A2001ED663 /* Debug Enterprise */,
				A893049D222A517200E042DF /* Release */,
				9EED70ED2241E25F001ED663 /* Release Enterprise */,
			);
			defaultConfigurationIsVisible = 0;
			defaultConfigurationName = Release;
		};
		A893049E222A517200E042DF /* Build configuration list for PBXNativeTarget "Bee PlusTests" */ = {
			isa = XCConfigurationList;
			buildConfigurations = (
				A893049F222A517200E042DF /* Debug */,
				9EED70F22241E2A2001ED663 /* Debug Enterprise */,
				A89304A0222A517200E042DF /* Release */,
				9EED70EE2241E25F001ED663 /* Release Enterprise */,
			);
			defaultConfigurationIsVisible = 0;
			defaultConfigurationName = Release;
		};
		A89304A1222A517200E042DF /* Build configuration list for PBXNativeTarget "Bee PlusUITests" */ = {
			isa = XCConfigurationList;
			buildConfigurations = (
				A89304A2222A517200E042DF /* Debug */,
				9EED70F32241E2A2001ED663 /* Debug Enterprise */,
				A89304A3222A517200E042DF /* Release */,
				9EED70EF2241E25F001ED663 /* Release Enterprise */,
			);
			defaultConfigurationIsVisible = 0;
			defaultConfigurationName = Release;
		};
/* End XCConfigurationList section */

/* Begin XCRemoteSwiftPackageReference section */
		A86EBB6528525F880009D07E /* XCRemoteSwiftPackageReference "firebase-ios-sdk" */ = {
			isa = XCRemoteSwiftPackageReference;
			repositoryURL = "https://github.com/firebase/firebase-ios-sdk/";
			requirement = {
				branch = master;
				kind = branch;
			};
		};
/* End XCRemoteSwiftPackageReference section */

/* Begin XCSwiftPackageProductDependency section */
		A86EBB6628525F880009D07E /* FirebaseAppDistribution-Beta */ = {
			isa = XCSwiftPackageProductDependency;
			package = A86EBB6528525F880009D07E /* XCRemoteSwiftPackageReference "firebase-ios-sdk" */;
			productName = "FirebaseAppDistribution-Beta";
		};
/* End XCSwiftPackageProductDependency section */
	};
	rootObject = A893046B222A517100E042DF /* Project object */;
}
